
Microsoft Visual Studio Solution File, Format Version 12.00
# Visual Studio Version 17
VisualStudioVersion = 17.4.33213.308
MinimumVisualStudioVersion = 10.0.40219.1
Project("{FAE04EC0-301F-11D3-BF4B-00C04F79EFBC}") = "ConsoleApp1", "ConsoleApp1\ConsoleApp1.csproj", "{F4B79BD8-CC4D-453A-BA00-80D809F1D64D}"
EndProject
Global
	GlobalSection(SolutionConfigurationPlatforms) = preSolution
		Debug|Any CPU = Debug|Any CPU
		Release|Any CPU = Release|Any CPU
	EndGlobalSection
	GlobalSection(ProjectConfigurationPlatforms) = postSolution
		{F4B79BD8-CC4D-453A-BA00-80D809F1D64D}.Debug|Any CPU.ActiveCfg = Debug|Any CPU
		{F4B79BD8-CC4D-453A-BA00-80D809F1D64D}.Debug|Any CPU.Build.0 = Debug|Any CPU
		{F4B79BD8-CC4D-453A-BA00-80D809F1D64D}.Release|Any CPU.ActiveCfg = Release|Any CPU
		{F4B79BD8-CC4D-453A-BA00-80D809F1D64D}.Release|Any CPU.Build.0 = Release|Any CPU
	EndGlobalSection
	GlobalSection(SolutionProperties) = preSolution
		HideSolutionNode = FALSE
	EndGlobalSection
	GlobalSection(ExtensibilityGlobals) = postSolution
		SolutionGuid = {CC32111E-0D6F-4F33-921F-C3DAB160120A}
	EndGlobalSection
EndGlobal
